
Microsoft Visual Studio Solution File, Format Version 12.00
# Visual Studio 14
VisualStudioVersion = 14.0.24720.0
MinimumVisualStudioVersion = 10.0.40219.1
Project("{FAE04EC0-301F-11D3-BF4B-00C04F79EFBC}") = "Printscreen", "Printscreen\Printscreen.csproj", "{02F66924-4918-4DDC-BF65-280DBFE8C897}"
EndProject
Project("{FAE04EC0-301F-11D3-BF4B-00C04F79EFBC}") = "FoxyStealer", "FoxyStealer\FoxyStealer.csproj", "{1D3471E7-CDFF-42D5-BB32-22016EBFFD16}"
EndProject
Project("{FAE04EC0-301F-11D3-BF4B-00C04F79EFBC}") = "Keylogger", "Keylogger\Keylogger.csproj", "{2AB113B1-10E4-46AB-930E-AB73E539DA89}"
EndProject
Project("{FAE04EC0-301F-11D3-BF4B-00C04F79EFBC}") = "HTTPSniffer", "HTTPSniffer\HTTPSniffer.csproj", "{1C8C3698-6856-4E46-A5A3-4AA1F936BF56}"
EndProject
Project("{FAE04EC0-301F-11D3-BF4B-00C04F79EFBC}") = "EmailSender", "EmailSender\EmailSender.csproj", "{F7B2A43D-99FA-48F1-BD0D-90B4F4B3479C}"
EndProject
Project("{FAE04EC0-301F-11D3-BF4B-00C04F79EFBC}") = "WebcamSnap", "WebcamSnap\WebcamSnap.csproj", "{928BE7C0-8110-4341-B2EC-BA8BE0DC276D}"
EndProject
Global
	GlobalSection(SolutionConfigurationPlatforms) = preSolution
		Debug|Any CPU = Debug|Any CPU
		Release|Any CPU = Release|Any CPU
	EndGlobalSection
	GlobalSection(ProjectConfigurationPlatforms) = postSolution
		{02F66924-4918-4DDC-BF65-280DBFE8C897}.Release|Any CPU.ActiveCfg = Release|Any CPU
		{02F66924-4918-4DDC-BF65-280DBFE8C897}.Release|Any CPU.Build.0 = Release|Any CPU
		{02F66924-4918-4DDC-BF65-280DBFE8C897}.Debug|Any CPU.ActiveCfg = Release|Any CPU
		{02F66924-4918-4DDC-BF65-280DBFE8C897}.Debug|Any CPU.Build.0 = Release|Any CPU
		{1D3471E7-CDFF-42D5-BB32-22016EBFFD16}.Release|Any CPU.ActiveCfg = Release|Any CPU
		{1D3471E7-CDFF-42D5-BB32-22016EBFFD16}.Release|Any CPU.Build.0 = Release|Any CPU
		{1D3471E7-CDFF-42D5-BB32-22016EBFFD16}.Debug|Any CPU.ActiveCfg = Release|Any CPU
		{1D3471E7-CDFF-42D5-BB32-22016EBFFD16}.Debug|Any CPU.Build.0 = Release|Any CPU
		{2AB113B1-10E4-46AB-930E-AB73E539DA89}.Release|Any CPU.ActiveCfg = Release|Any CPU
		{2AB113B1-10E4-46AB-930E-AB73E539DA89}.Release|Any CPU.Build.0 = Release|Any CPU
		{2AB113B1-10E4-46AB-930E-AB73E539DA89}.Debug|Any CPU.ActiveCfg = Release|Any CPU
		{2AB113B1-10E4-46AB-930E-AB73E539DA89}.Debug|Any CPU.Build.0 = Release|Any CPU
		{1C8C3698-6856-4E46-A5A3-4AA1F936BF56}.Release|Any CPU.ActiveCfg = Release|Any CPU
		{1C8C3698-6856-4E46-A5A3-4AA1F936BF56}.Release|Any CPU.Build.0 = Release|Any CPU
		{1C8C3698-6856-4E46-A5A3-4AA1F936BF56}.Debug|Any CPU.ActiveCfg = Release|Any CPU
		{1C8C3698-6856-4E46-A5A3-4AA1F936BF56}.Debug|Any CPU.Build.0 = Release|Any CPU
		{F7B2A43D-99FA-48F1-BD0D-90B4F4B3479C}.Release|Any CPU.ActiveCfg = Release|Any CPU
		{F7B2A43D-99FA-48F1-BD0D-90B4F4B3479C}.Release|Any CPU.Build.0 = Release|Any CPU
		{F7B2A43D-99FA-48F1-BD0D-90B4F4B3479C}.Debug|Any CPU.ActiveCfg = Release|Any CPU
		{F7B2A43D-99FA-48F1-BD0D-90B4F4B3479C}.Debug|Any CPU.Build.0 = Release|Any CPU
		{928BE7C0-8110-4341-B2EC-BA8BE0DC276D}.Release|Any CPU.ActiveCfg = Release|Any CPU
		{928BE7C0-8110-4341-B2EC-BA8BE0DC276D}.Release|Any CPU.Build.0 = Release|Any CPU
		{928BE7C0-8110-4341-B2EC-BA8BE0DC276D}.Debug|Any CPU.ActiveCfg = Release|Any CPU
		{928BE7C0-8110-4341-B2EC-BA8BE0DC276D}.Debug|Any CPU.Build.0 = Release|Any CPU
	EndGlobalSection
	GlobalSection(SolutionProperties) = preSolution
		HideSolutionNode = FALSE
	EndGlobalSection
EndGlobal
